[[package]]
name = "decorator"
version = "4.4.2"
description = "Decorators for Humans"
category = "main"
optional = false
python-versions = ">=2.6, !=3.0.*, !=3.1.*"

[[package]]
name = "networkx"
version = "2.5"
description = "Python package for creating and manipulating graphs and networks"
category = "main"
optional = false
python-versions = ">=3.6"

[package.dependencies]
decorator = ">=4.3.0"

[package.extras]
all = ["numpy", "scipy", "pandas", "matplotlib", "pygraphviz", "pydot", "pyyaml", "lxml", "pytest"]
gdal = ["gdal"]
lxml = ["lxml"]
matplotlib = ["matplotlib"]
numpy = ["numpy"]
pandas = ["pandas"]
pydot = ["pydot"]
pygraphviz = ["pygraphviz"]
pytest = ["pytest"]
pyyaml = ["pyyaml"]
scipy = ["scipy"]

[[package]]
name = "pycparser"
version = "2.20"
description = "C parser in Python"
category = "main"
optional = false
python-versions = ">=2.7, !=3.0.*, !=3.1.*, !=3.2.*, !=3.3.*"

[[package]]
name = "pyobjc-core"
version = "7.1"
description = "Python<->ObjC Interoperability Module"
category = "main"
optional = false
python-versions = ">=3.6"

[[package]]
name = "pyobjc-framework-cocoa"
version = "7.1"
description = "Wrappers for the Cocoa frameworks on macOS"
category = "main"
optional = false
python-versions = ">=3.6"

[package.dependencies]
pyobjc-core = ">=7.1"

[[package]]
name = "pyobjc-framework-webkit"
version = "7.1"
description = "Wrappers for the framework WebKit on macOS"
category = "main"
optional = false
python-versions = ">=3.6"

[package.dependencies]
pyobjc-core = ">=7.1"
pyobjc-framework-Cocoa = ">=7.1"

[[package]]
name = "pyqt5"
version = "5.15.2"
description = "Python bindings for the Qt cross platform application toolkit"
category = "main"
optional = false
python-versions = ">=3.5"

[package.dependencies]
PyQt5-sip = ">=12.8,<13"

[[package]]
name = "pyqt5-sip"
version = "12.8.1"
description = "The sip module support for PyQt5"
category = "main"
optional = false
python-versions = ">=3.5"

[[package]]
name = "pythonnet"
version = "2.5.1"
description = ".Net and Mono integration for Python"
category = "main"
optional = false
python-versions = "*"

[package.dependencies]
pycparser = "*"

[[package]]
name = "pywebview"
version = "3.4"
description = "Build GUI for your Python program with JavaScript, HTML, and CSS."
category = "main"
optional = false
python-versions = "*"

[package.dependencies]
pyobjc-core = {version = "*", markers = "sys_platform == \"darwin\""}
pyobjc-framework-Cocoa = {version = "*", markers = "sys_platform == \"darwin\""}
pyobjc-framework-WebKit = {version = "*", markers = "sys_platform == \"darwin\""}
PyQt5 = {version = "*", markers = "sys_platform == \"openbsd6\""}
pythonnet = {version = "*", markers = "sys_platform == \"win32\""}

[package.extras]
cef = ["cefpython3"]
gtk = ["pygobject"]
qt = ["pyqt5", "pyqtwebengine"]

[metadata]
lock-version = "1.1"
python-versions = "^3.8"
content-hash = "c56f8f7305658c0b9ba0fd8a76066ae695aaf71581f0886c51548c90b24988de"

[metadata.files]
decorator = [
    {file = "decorator-4.4.2-py2.py3-none-any.whl", hash = "sha256:41fa54c2a0cc4ba648be4fd43cff00aedf5b9465c9bf18d64325bc225f08f760"},
    {file = "decorator-4.4.2.tar.gz", hash = "sha256:e3a62f0520172440ca0dcc823749319382e377f37f140a0b99ef45fecb84bfe7"},
]
networkx = [
    {file = "networkx-2.5-py3-none-any.whl", hash = "sha256:8c5812e9f798d37c50570d15c4a69d5710a18d77bafc903ee9c5fba7454c616c"},
    {file = "networkx-2.5.tar.gz", hash = "sha256:7978955423fbc9639c10498878be59caf99b44dc304c2286162fd24b458c1602"},
]
pycparser = [
    {file = "pycparser-2.20-py2.py3-none-any.whl", hash = "sha256:7582ad22678f0fcd81102833f60ef8d0e57288b6b5fb00323d101be910e35705"},
    {file = "pycparser-2.20.tar.gz", hash = "sha256:2d475327684562c3a96cc71adf7dc8c4f0565175cf86b6d7a404ff4c771f15f0"},
]
pyobjc-core = [
    {file = "pyobjc-core-7.1.tar.gz", hash = "sha256:a0616d5d816b4471f8f782c3a9a8923d2cc85014d88ad4f7fec694be9e6ea349"},
    {file = "pyobjc_core-7.1-cp36-cp36m-macosx_10_9_x86_64.whl", hash = "sha256:f9fb45c9916f2a03ecd6b9ecde4c35d1d0f1a590ae2ea2372f9d9a360226ac1d"},
    {file = "pyobjc_core-7.1-cp37-cp37m-macosx_10_9_x86_64.whl", hash = "sha256:fff8e87358c6195a2937004f279050cce3d4c02cd77acd73c5ad367307def855"},
    {file = "pyobjc_core-7.1-cp38-cp38-macosx_10_9_x86_64.whl", hash = "sha256:afb38efd3f2960eb49eb78552d465cfd025a9d6efa06cd4cd8694dafbe7c6e06"},
    {file = "pyobjc_core-7.1-cp39-cp39-macosx_10_9_universal2.whl", hash = "sha256:7cb329c4119044fe83bcb3c5d4794d636c706ff0cb7c1c77d36ef5c373100082"},
    {file = "pyobjc_core-7.1-cp39-cp39-macosx_10_9_x86_64.whl", hash = "sha256:7913d7b20217c294900537faf58e5cc15942ed7af277bf05db25667d18255114"},
]
pyobjc-framework-cocoa = [
    {file = "pyobjc-framework-Cocoa-7.1.tar.gz", hash = "sha256:67966152b3d38a0225176fceca2e9f56d849c8e7445548da09a00cb13155ec3e"},
    {file = "pyobjc_framework_Cocoa-7.1-cp36-cp36m-macosx_10_9_x86_64.whl", hash = "sha256:bef77eafaac5eaf1d91d479d5483fd02216caa3edc27e8f5adc9af0b3fecdac3"},
    {file = "pyobjc_framework_Cocoa-7.1-cp37-cp37m-macosx_10_9_x86_64.whl", hash = "sha256:b2ea3582c456827dc20e648c905fdbcf8d3dfae89434f981e9b761cd07262049"},
    {file = "pyobjc_framework_Cocoa-7.1-cp38-cp38-macosx_10_9_x86_64.whl", hash = "sha256:1a4050f2d776f40c2409a151c6f7896420e936934b3bdbfabedf91509637ed9b"},
    {file = "pyobjc_framework_Cocoa-7.1-cp39-cp39-macosx_10_9_universal2.whl", hash = "sha256:3f68f022f1f6d5985c418e10c6608c562fcf4bfe3714ec64fd10ce3dc6221bd4"},
    {file = "pyobjc_framework_Cocoa-7.1-cp39-cp39-macosx_10_9_x86_64.whl", hash = "sha256:ecfefd4c48dae42275c18679c69f6f2fff970e711097515a0a8732fc10194018"},
]
pyobjc-framework-webkit = [
    {file = "pyobjc-framework-WebKit-7.1.tar.gz", hash = "sha256:586c6da9e50e9c6c2494189b7519301f49ef903a95203d518ac06ef5c720b929"},
    {file = "pyobjc_framework_WebKit-7.1-cp36-abi3-macosx_10_9_universal2.whl", hash = "sha256:4b51ab101cb05ca9c90276b7795d1febe5263ab26c756e858cec6b2aa3f2b56b"},
    {file = "pyobjc_framework_WebKit-7.1-cp36-abi3-macosx_10_9_x86_64.whl", hash = "sha256:9c2a2e09845ce7ed743f89b238096bac75e170654cfa65eb4758c40d7050322d"},
]
pyqt5 = [
    {file = "PyQt5-5.15.2-5.15.2-cp35.cp36.cp37.cp38.cp39-abi3-macosx_10_13_intel.whl", hash = "sha256:894ca4ae767a8d6cf5903784b71f755073c78cb8c167eecf6e4ed6b3b055ac6a"},
    {file = "PyQt5-5.15.2-5.15.2-cp35.cp36.cp37.cp38.cp39-abi3-manylinux2014_x86_64.whl", hash = "sha256:29889845688a54d62820585ad5b2e0200a36b304ff3d7a555e95599f110ba4ce"},
    {file = "PyQt5-5.15.2-5.15.2-cp35.cp36.cp37.cp38.cp39-none-win32.whl", hash = "sha256:ea24f24b7679bf393dd2e4f53fe0ce65021be18304c1ff7a226c2fc5c356d0da"},
    {file = "PyQt5-5.15.2-5.15.2-cp35.cp36.cp37.cp38.cp39-none-win_amd64.whl", hash = "sha256:faaecb76ec65e12673a968e7f5bc02495957e6996f0a3fa0d98895f9e4113746"},
    {file = "PyQt5-5.15.2.tar.gz", hash = "sha256:372b08dc9321d1201e4690182697c5e7ffb2e0770e6b4a45519025134b12e4fc"},
]
pyqt5-sip = [
    {file = "PyQt5_sip-12.8.1-cp35-cp35m-macosx_10_6_intel.whl", hash = "sha256:bb5a87b66fc1445915104ee97f7a20a69decb42f52803e3b0795fa17ff88226c"},
    {file = "PyQt5_sip-12.8.1-cp35-cp35m-manylinux1_x86_64.whl", hash = "sha256:a29e2ac399429d3b7738f73e9081e50783e61ac5d29344e0802d0dcd6056c5a2"},
    {file = "PyQt5_sip-12.8.1-cp35-cp35m-win32.whl", hash = "sha256:0304ca9114b9817a270f67f421355075b78ff9fc25ac58ffd72c2601109d2194"},
    {file = "PyQt5_sip-12.8.1-cp35-cp35m-win_amd64.whl", hash = "sha256:84ba7746762bd223bed22428e8561aa267a229c28344c2d28c5d5d3f8970cffb"},
    {file = "PyQt5_sip-12.8.1-cp36-cp36m-macosx_10_6_intel.whl", hash = "sha256:7b81382ce188d63890a0e35abe0f9bb946cabc873a31873b73583b0fc84ac115"},
    {file = "PyQt5_sip-12.8.1-cp36-cp36m-manylinux1_x86_64.whl", hash = "sha256:b6d42250baec52a5f77de64e2951d001c5501c3a2df2179f625b241cbaec3369"},
    {file = "PyQt5_sip-12.8.1-cp36-cp36m-win32.whl", hash = "sha256:6c1ebee60f1d2b3c70aff866b7933d8d8d7646011f7c32f9321ee88c290aa4f9"},
    {file = "PyQt5_sip-12.8.1-cp36-cp36m-win_amd64.whl", hash = "sha256:34dcd29be47553d5f016ff86e89e24cbc5eebae92eb2f96fb32d2d7ba028c43c"},
    {file = "PyQt5_sip-12.8.1-cp37-cp37m-macosx_10_9_x86_64.whl", hash = "sha256:ed897c58acf4a3cdca61469daa31fe6e44c33c6c06a37c3f21fab31780b3b86a"},
    {file = "PyQt5_sip-12.8.1-cp37-cp37m-manylinux1_x86_64.whl", hash = "sha256:a1b8ef013086e224b8e86c93f880f776d01b59195bdfa2a8e0b23f0480678fec"},
    {file = "PyQt5_sip-12.8.1-cp37-cp37m-win32.whl", hash = "sha256:0cd969be528c27bbd4755bd323dff4a79a8fdda28215364e6ce3e069cb56c2a9"},
    {file = "PyQt5_sip-12.8.1-cp37-cp37m-win_amd64.whl", hash = "sha256:c9800729badcb247765e4ffe2241549d02da1fa435b9db224845bc37c3e99cb0"},
    {file = "PyQt5_sip-12.8.1-cp38-cp38-macosx_10_9_x86_64.whl", hash = "sha256:9312ec47cac4e33c11503bc1cbeeb0bdae619620472f38e2078c5a51020a930f"},
    {file = "PyQt5_sip-12.8.1-cp38-cp38-manylinux1_x86_64.whl", hash = "sha256:2f35e82fd7ec1e1f6716e9154721c7594956a4f5bd4f826d8c6a6453833cc2f0"},
    {file = "PyQt5_sip-12.8.1-cp38-cp38-win32.whl", hash = "sha256:da9c9f1e65b9d09e73bd75befc82961b6b61b5a3b9d0a7c832168e1415f163c6"},
    {file = "PyQt5_sip-12.8.1-cp38-cp38-win_amd64.whl", hash = "sha256:832fd60a264de4134c2824d393320838f3ab648180c9c357ec58a74524d24507"},
    {file = "PyQt5_sip-12.8.1-cp39-cp39-macosx_10_9_x86_64.whl", hash = "sha256:c317ab1263e6417c498b81f5c970a9b1af7acefab1f80b4cc0f2f8e661f29fc5"},
    {file = "PyQt5_sip-12.8.1-cp39-cp39-manylinux1_x86_64.whl", hash = "sha256:c9d6d448c29dc6606bb7974696608f81f4316c8234f7c7216396ed110075e777"},
    {file = "PyQt5_sip-12.8.1-cp39-cp39-win32.whl", hash = "sha256:5a011aeff89660622a6d5c3388d55a9d76932f3b82c95e82fc31abd8b1d2990d"},
    {file = "PyQt5_sip-12.8.1-cp39-cp39-win_amd64.whl", hash = "sha256:f168f0a7f32b81bfeffdf003c36f25d81c97dee5eb67072a5183e761fe250f13"},
    {file = "PyQt5_sip-12.8.1.tar.gz", hash = "sha256:30e944db9abee9cc757aea16906d4198129558533eb7fadbe48c5da2bd18e0bd"},
]
pythonnet = [
    {file = "pythonnet-2.5.1-cp27-cp27m-win32.whl", hash = "sha256:5d1ec84c7d1ec9d31350383bb4832ef51a916e43cae11d7f7fc127985f62ab6c"},
    {file = "pythonnet-2.5.1-cp27-cp27m-win_amd64.whl", hash = "sha256:6fb41f0b9f3cd9a7ad581e6c817ad44e8ba7cd9ee4b91bbb7718fd85284b0c65"},
    {file = "pythonnet-2.5.1-cp35-cp35m-win32.whl", hash = "sha256:3555c3a1ed5e7359d156043e1b4a4db2c6ae90fad0e8c70547af01e76c86f374"},
    {file = "pythonnet-2.5.1-cp35-cp35m-win_amd64.whl", hash = "sha256:faa3c2a90aadce92bfb28570830b498954243eb5c6907d41e9dcbd936ec9ca52"},
    {file = "pythonnet-2.5.1-cp36-cp36m-win32.whl", hash = "sha256:f0cd76232072b15bba4459cbf9475d81348065ac120e20c301d2593621dd0a76"},
    {file = "pythonnet-2.5.1-cp36-cp36m-win_amd64.whl", hash = "sha256:6b808b3278395f2a2b166844d6b23032f28cda22e5296d2e57a8ecd38cb0d554"},
    {file = "pythonnet-2.5.1-cp37-cp37m-win32.whl", hash = "sha256:93065007501edbe9a97dff1dbb041eeb8f3c1551d469070761b7a75c24308fa2"},
    {file = "pythonnet-2.5.1-cp37-cp37m-win_amd64.whl", hash = "sha256:6bbf050084224d54da7aeb6a90f068e90ae4d3750248700aa0acab7d657df8cd"},
    {file = "pythonnet-2.5.1-cp38-cp38-win32.whl", hash = "sha256:71d5af9205a6f872e654b21a4f77fb2385aa9feff8760057c0518dc470f19d6f"},
    {file = "pythonnet-2.5.1-cp38-cp38-win_amd64.whl", hash = "sha256:c1db9edf41489c1227746cf6382bd087e08b494632010a6bead92984f000a4bf"},
    {file = "pythonnet-2.5.1.tar.gz", hash = "sha256:b4e876e0ddb52c7ce187c1abf529ef1e419743af283fde9d5769c798cf4b078f"},
]
pywebview = [
    {file = "pywebview-3.4-py3-none-any.whl", hash = "sha256:521ef1ba4a009a0f9e316789c8686e0e81cb6700bc31088c178c94f016041c1d"},
    {file = "pywebview-3.4.tar.gz", hash = "sha256:bb92c556e8ac7ccaaf9e24d86c437a73240850438490833d8b3ee3e60c50e040"},
]
